<?xml version="1.0" encoding="utf-8"?>
<Project ToolsVersion="4.0" xmlns="http://schemas.microsoft.com/developer/msbuild/2003">
  <ItemGroup>
    <Filter Include="Storage">
      <UniqueIdentifier>{a2c38ee3-cd75-491c-9e0a-fb634b8dc161}</UniqueIdentifier>
    </Filter>
    <Filter Include="Primed">
      <UniqueIdentifier>{0d337ac1-1fa9-4629-b73e-e3fe86781b97}</UniqueIdentifier>
    </Filter>
    <Filter Include="Infor">
      <UniqueIdentifier>{8519722d-2f7c-42bf-8c21-4ab7436ba32a}</UniqueIdentifier>
    </Filter>
    <Filter Include="Infor\Header">
      <UniqueIdentifier>{cbfe33cf-4659-4633-883f-9c4321f74df1}</UniqueIdentifier>
    </Filter>
    <Filter Include="Infor\Source">
      <UniqueIdentifier>{5248949a-71ea-40df-bd72-8b80e043aa52}</UniqueIdentifier>
    </Filter>
    <Filter Include="Test">
      <UniqueIdentifier>{ec797fa1-5792-419d-ae06-790003bed979}</UniqueIdentifier>
    </Filter>
    <Filter Include="Primed\Header">
      <UniqueIdentifier>{f1d9e724-bc3d-497c-819f-ba98dbfce503}</UniqueIdentifier>
    </Filter>
    <Filter Include="Primed\Source">
      <UniqueIdentifier>{8bba264c-fddc-4f58-85f2-66ef0a1b55e3}</UniqueIdentifier>
    </Filter>
    <Filter Include="Storage\Header">
      <UniqueIdentifier>{fc893b06-34a4-4d05-ac2b-6f1eb61c09b0}</UniqueIdentifier>
    </Filter>
    <Filter Include="Storage\Source">
      <UniqueIdentifier>{59258fea-e953-44f2-bdf5-75633dfafb3d}</UniqueIdentifier>
    </Filter>
    <Filter Include="Util">
      <UniqueIdentifier>{f05e7839-c795-4597-a4ce-e5c674750889}</UniqueIdentifier>
    </Filter>
    <Filter Include="Util\header">
      <UniqueIdentifier>{52b8e792-d4a0-4e44-bd62-86339f0dd548}</UniqueIdentifier>
    </Filter>
    <Filter Include="Util\source">
      <UniqueIdentifier>{2d08dbc7-c074-4ffa-99bd-0941e04314ec}</UniqueIdentifier>
    </Filter>
    <Filter Include="Compiler">
      <UniqueIdentifier>{e48d316f-9444-4c6d-8c4b-47a675c3c383}</UniqueIdentifier>
    </Filter>
    <Filter Include="UI">
      <UniqueIdentifier>{42ccf9a3-f867-48b2-89cf-ca29267c69f0}</UniqueIdentifier>
    </Filter>
    <Filter Include="Test\TestHeader">
      <UniqueIdentifier>{233cb0b9-dc1a-4c01-99e9-9d9ce59a32bb}</UniqueIdentifier>
    </Filter>
    <Filter Include="Test\TestSource">
      <UniqueIdentifier>{0ce14194-205e-45b9-a519-fcf1d93f5c0c}</UniqueIdentifier>
    </Filter>
  </ItemGroup>
  <ItemGroup>
    <ClCompile Include="source\LogDef.cpp">
      <Filter>Infor\Source</Filter>
    </ClCompile>
    <ClCompile Include="source\ClassInforDef.cpp">
      <Filter>Infor\Source</Filter>
    </ClCompile>
    <ClCompile Include="TestMain.cpp">
      <Filter>Test</Filter>
    </ClCompile>
    <ClCompile Include="source\HashContainerDef.cpp">
      <Filter>Primed\Source</Filter>
    </ClCompile>
    <ClCompile Include="source\PrimeNumberConvertDef.cpp">
      <Filter>Primed\Source</Filter>
    </ClCompile>
    <ClCompile Include="Inactive.cpp">
      <Filter>Test</Filter>
    </ClCompile>
    <ClCompile Include="source\ColumnDef.cpp">
      <Filter>Storage\Source</Filter>
    </ClCompile>
    <ClCompile Include="source\TimeStampDef.cpp">
      <Filter>Util\source</Filter>
    </ClCompile>
    <ClCompile Include="source\UserDef.cpp">
      <Filter>Storage\Source</Filter>
    </ClCompile>
    <ClCompile Include="source\TableDef.cpp">
      <Filter>Storage\Source</Filter>
    </ClCompile>
    <ClCompile Include="source\StructFileDef.cpp">
      <Filter>Util\source</Filter>
    </ClCompile>
    <ClCompile Include="source\UserManagerDef.cpp">
      <Filter>Storage\Source</Filter>
    </ClCompile>
    <ClCompile Include="source\SessionDef.cpp">
      <Filter>Storage\Source</Filter>
    </ClCompile>
    <ClCompile Include="source\SchemaDef.cpp">
      <Filter>Storage\Source</Filter>
    </ClCompile>
    <ClCompile Include="source\ErrorManagerDef.cpp">
      <Filter>Util\source</Filter>
    </ClCompile>
    <ClCompile Include="source\PageDef.cpp">
      <Filter>Storage\Source</Filter>
    </ClCompile>
    <ClCompile Include="source\DataCache.cpp">
      <Filter>Storage\Source</Filter>
    </ClCompile>
    <ClCompile Include="source\GlobalDef.cpp">
      <Filter>Util\source</Filter>
    </ClCompile>
    <ClCompile Include="source\SettingDef.cpp">
      <Filter>Util\source</Filter>
    </ClCompile>
    <ClCompile Include="source\PrimizeDef.cpp">
      <Filter>Primed\Source</Filter>
    </ClCompile>
    <ClCompile Include="source\test\ErrorManagerTestDef.cpp">
      <Filter>Test\TestSource</Filter>
    </ClCompile>
    <ClCompile Include="source\BlockDef.cpp">
      <Filter>Storage\Source</Filter>
    </ClCompile>
    <ClCompile Include="source\BlockManagerDef.cpp">
      <Filter>Storage\Source</Filter>
    </ClCompile>
  </ItemGroup>
  <ItemGroup>
    <ClInclude Include="header\Log.h">
      <Filter>Infor\Header</Filter>
    </ClInclude>
    <ClInclude Include="header\ClassInfor.h">
      <Filter>Infor\Header</Filter>
    </ClInclude>
    <ClInclude Include="header\HashContainer.h">
      <Filter>Primed\Header</Filter>
    </ClInclude>
    <ClInclude Include="header\PrimeNumberConvert.h">
      <Filter>Primed\Header</Filter>
    </ClInclude>
    <ClInclude Include="header\Column.h">
      <Filter>Storage\Header</Filter>
    </ClInclude>
    <ClInclude Include="header\Table.h">
      <Filter>Storage\Header</Filter>
    </ClInclude>
    <ClInclude Include="header\Schema.h">
      <Filter>Storage\Header</Filter>
    </ClInclude>
    <ClInclude Include="header\User.h">
      <Filter>Storage\Header</Filter>
    </ClInclude>
    <ClInclude Include="header\TimeStamp.h">
      <Filter>Util\header</Filter>
    </ClInclude>
    <ClInclude Include="header\Defs.h">
      <Filter>Util\header</Filter>
    </ClInclude>
    <ClInclude Include="header\StructFile.h">
      <Filter>Util\header</Filter>
    </ClInclude>
    <ClInclude Include="header\UserManager.h">
      <Filter>Storage\Header</Filter>
    </ClInclude>
    <ClInclude Include="header\Session.h">
      <Filter>Storage\Header</Filter>
    </ClInclude>
    <ClInclude Include="header\TableManager.h">
      <Filter>Storage\Header</Filter>
    </ClInclude>
    <ClInclude Include="header\ErrorManager.h">
      <Filter>Util\header</Filter>
    </ClInclude>
    <ClInclude Include="header\Transection.h">
      <Filter>Storage\Header</Filter>
    </ClInclude>
    <ClInclude Include="header\DiskManager.h">
      <Filter>Storage\Header</Filter>
    </ClInclude>
    <ClInclude Include="header\ControlManager.h">
      <Filter>Storage\Header</Filter>
    </ClInclude>
    <ClInclude Include="header\DataCache.h">
      <Filter>Storage\Header</Filter>
    </ClInclude>
    <ClInclude Include="header\Page.h">
      <Filter>Storage\Header</Filter>
    </ClInclude>
    <ClInclude Include="SyntaxChecker.h">
      <Filter>Compiler</Filter>
    </ClInclude>
    <ClInclude Include="header\Global.h">
      <Filter>Util\header</Filter>
    </ClInclude>
    <ClInclude Include="header\Setting.h">
      <Filter>Util\header</Filter>
    </ClInclude>
    <ClInclude Include="header\Primize.h">
      <Filter>Primed\Header</Filter>
    </ClInclude>
    <ClInclude Include="header\Timer.h">
      <Filter>Util\header</Filter>
    </ClInclude>
    <ClInclude Include="header\test\ErrorManagerTest.h">
      <Filter>Test\TestHeader</Filter>
    </ClInclude>
    <ClInclude Include="header\Singleton.h">
      <Filter>Util\header</Filter>
    </ClInclude>
    <ClInclude Include="header\Block.h">
      <Filter>Storage\Header</Filter>
    </ClInclude>
    <ClInclude Include="header\AsyncService.h">
      <Filter>Util\header</Filter>
    </ClInclude>
    <ClInclude Include="header\BlockManager.h">
      <Filter>Storage\Header</Filter>
    </ClInclude>
  </ItemGroup>
</Project>